
Microsoft Visual Studio Solution File, Format Version 12.00
# Visual Studio Version 16
VisualStudioVersion = 16.0.31205.134
MinimumVisualStudioVersion = 10.0.40219.1
Project("{FAE04EC0-301F-11D3-BF4B-00C04F79EFBC}") = "sayısalloto_ödev", "sayısalloto_ödev\sayısalloto_ödev.csproj", "{26F1A1DD-F23C-4F51-9317-4DD1D77EB83E}"
EndProject
Global
	GlobalSection(SolutionConfigurationPlatforms) = preSolution
		Debug|Any CPU = Debug|Any CPU
		Release|Any CPU = Release|Any CPU
	EndGlobalSection
	GlobalSection(ProjectConfigurationPlatforms) = postSolution
		{26F1A1DD-F23C-4F51-9317-4DD1D77EB83E}.Debug|Any CPU.ActiveCfg = Debug|Any CPU
		{26F1A1DD-F23C-4F51-9317-4DD1D77EB83E}.Debug|Any CPU.Build.0 = Debug|Any CPU
		{26F1A1DD-F23C-4F51-9317-4DD1D77EB83E}.Release|Any CPU.ActiveCfg = Release|Any CPU
		{26F1A1DD-F23C-4F51-9317-4DD1D77EB83E}.Release|Any CPU.Build.0 = Release|Any CPU
	EndGlobalSection
	GlobalSection(SolutionProperties) = preSolution
		HideSolutionNode = FALSE
	EndGlobalSection
	GlobalSection(ExtensibilityGlobals) = postSolution
		SolutionGuid = {AB610197-32CB-42D5-9C95-8DEEE2D5F49B}
	EndGlobalSection
EndGlobal
